
Microsoft Visual Studio Solution File, Format Version 12.00
Project("{FAE04EC0-301F-11D3-BF4B-00C04F79EFBC}") = "token.Web", "src\token.Web\token.Web.csproj", "{96F70D93-AC7C-43B4-AA24-CE74A445E081}"
EndProject
Project("{2150E333-8FDC-42A3-9474-1A3956D46DE8}") = "src", "src", "{AAF06791-63CC-47C0-82D4-151E6B652339}"
EndProject
Project("{FAE04EC0-301F-11D3-BF4B-00C04F79EFBC}") = "token.HttpApi", "src\token.HttpApi\token.HttpApi.csproj", "{4F8FA7ED-F053-49A8-AE42-972EC0FC5A0E}"
EndProject
Project("{FAE04EC0-301F-11D3-BF4B-00C04F79EFBC}") = "token.Domain", "src\token.Domain\token.Domain.csproj", "{9CFD7999-59B0-4C59-82A8-A7D71E874606}"
EndProject
Project("{FAE04EC0-301F-11D3-BF4B-00C04F79EFBC}") = "token.Domain.Shared", "src\token.Domain.Shared\token.Domain.Shared.csproj", "{4C1BD12C-BB73-434F-BEF5-E102BAEF6076}"
EndProject
Project("{FAE04EC0-301F-11D3-BF4B-00C04F79EFBC}") = "token.EntityFrameworkCore", "src\token.EntityFrameworkCore\token.EntityFrameworkCore.csproj", "{C3BCBA62-B955-4023-A228-A8219B98DB7C}"
EndProject
Project("{FAE04EC0-301F-11D3-BF4B-00C04F79EFBC}") = "token.Application", "src\token.Application\token.Application.csproj", "{13694B6C-DA90-48B5-A65C-E3FC7B785A2C}"
EndProject
Project("{FAE04EC0-301F-11D3-BF4B-00C04F79EFBC}") = "token.Application.Contracts", "src\token.Application.Contracts\token.Application.Contracts.csproj", "{A90DB23B-0433-4423-86DC-959CBEC616BC}"
EndProject
Project("{FAE04EC0-301F-11D3-BF4B-00C04F79EFBC}") = "token.DbMigrator", "src\token.DbMigrator\token.DbMigrator.csproj", "{C3887CCE-FB4E-432A-9EB0-37955D17FDB6}"
EndProject
Project("{2150E333-8FDC-42A3-9474-1A3956D46DE8}") = "SignalR", "SignalR", "{EF3154CD-CD60-43E3-B776-56B0955A9E84}"
EndProject
Project("{FAE04EC0-301F-11D3-BF4B-00C04F79EFBC}") = "token.SignalR.Web", "src\SignalR\token.SignalR.Web\token.SignalR.Web.csproj", "{35D0F700-CA0F-48EF-81F7-D85D556E6E1C}"
EndProject
Global
	GlobalSection(SolutionConfigurationPlatforms) = preSolution
		Debug|Any CPU = Debug|Any CPU
		Release|Any CPU = Release|Any CPU
	EndGlobalSection
	GlobalSection(ProjectConfigurationPlatforms) = postSolution
		{96F70D93-AC7C-43B4-AA24-CE74A445E081}.Debug|Any CPU.ActiveCfg = Debug|Any CPU
		{96F70D93-AC7C-43B4-AA24-CE74A445E081}.Debug|Any CPU.Build.0 = Debug|Any CPU
		{96F70D93-AC7C-43B4-AA24-CE74A445E081}.Release|Any CPU.ActiveCfg = Release|Any CPU
		{96F70D93-AC7C-43B4-AA24-CE74A445E081}.Release|Any CPU.Build.0 = Release|Any CPU
		{4F8FA7ED-F053-49A8-AE42-972EC0FC5A0E}.Debug|Any CPU.ActiveCfg = Debug|Any CPU
		{4F8FA7ED-F053-49A8-AE42-972EC0FC5A0E}.Debug|Any CPU.Build.0 = Debug|Any CPU
		{4F8FA7ED-F053-49A8-AE42-972EC0FC5A0E}.Release|Any CPU.ActiveCfg = Release|Any CPU
		{4F8FA7ED-F053-49A8-AE42-972EC0FC5A0E}.Release|Any CPU.Build.0 = Release|Any CPU
		{9CFD7999-59B0-4C59-82A8-A7D71E874606}.Debug|Any CPU.ActiveCfg = Debug|Any CPU
		{9CFD7999-59B0-4C59-82A8-A7D71E874606}.Debug|Any CPU.Build.0 = Debug|Any CPU
		{9CFD7999-59B0-4C59-82A8-A7D71E874606}.Release|Any CPU.ActiveCfg = Release|Any CPU
		{9CFD7999-59B0-4C59-82A8-A7D71E874606}.Release|Any CPU.Build.0 = Release|Any CPU
		{4C1BD12C-BB73-434F-BEF5-E102BAEF6076}.Debug|Any CPU.ActiveCfg = Debug|Any CPU
		{4C1BD12C-BB73-434F-BEF5-E102BAEF6076}.Debug|Any CPU.Build.0 = Debug|Any CPU
		{4C1BD12C-BB73-434F-BEF5-E102BAEF6076}.Release|Any CPU.ActiveCfg = Release|Any CPU
		{4C1BD12C-BB73-434F-BEF5-E102BAEF6076}.Release|Any CPU.Build.0 = Release|Any CPU
		{C3BCBA62-B955-4023-A228-A8219B98DB7C}.Debug|Any CPU.ActiveCfg = Debug|Any CPU
		{C3BCBA62-B955-4023-A228-A8219B98DB7C}.Debug|Any CPU.Build.0 = Debug|Any CPU
		{C3BCBA62-B955-4023-A228-A8219B98DB7C}.Release|Any CPU.ActiveCfg = Release|Any CPU
		{C3BCBA62-B955-4023-A228-A8219B98DB7C}.Release|Any CPU.Build.0 = Release|Any CPU
		{13694B6C-DA90-48B5-A65C-E3FC7B785A2C}.Debug|Any CPU.ActiveCfg = Debug|Any CPU
		{13694B6C-DA90-48B5-A65C-E3FC7B785A2C}.Debug|Any CPU.Build.0 = Debug|Any CPU
		{13694B6C-DA90-48B5-A65C-E3FC7B785A2C}.Release|Any CPU.ActiveCfg = Release|Any CPU
		{13694B6C-DA90-48B5-A65C-E3FC7B785A2C}.Release|Any CPU.Build.0 = Release|Any CPU
		{A90DB23B-0433-4423-86DC-959CBEC616BC}.Debug|Any CPU.ActiveCfg = Debug|Any CPU
		{A90DB23B-0433-4423-86DC-959CBEC616BC}.Debug|Any CPU.Build.0 = Debug|Any CPU
		{A90DB23B-0433-4423-86DC-959CBEC616BC}.Release|Any CPU.ActiveCfg = Release|Any CPU
		{A90DB23B-0433-4423-86DC-959CBEC616BC}.Release|Any CPU.Build.0 = Release|Any CPU
		{C3887CCE-FB4E-432A-9EB0-37955D17FDB6}.Debug|Any CPU.ActiveCfg = Debug|Any CPU
		{C3887CCE-FB4E-432A-9EB0-37955D17FDB6}.Debug|Any CPU.Build.0 = Debug|Any CPU
		{C3887CCE-FB4E-432A-9EB0-37955D17FDB6}.Release|Any CPU.ActiveCfg = Release|Any CPU
		{C3887CCE-FB4E-432A-9EB0-37955D17FDB6}.Release|Any CPU.Build.0 = Release|Any CPU
		{35D0F700-CA0F-48EF-81F7-D85D556E6E1C}.Debug|Any CPU.ActiveCfg = Debug|Any CPU
		{35D0F700-CA0F-48EF-81F7-D85D556E6E1C}.Debug|Any CPU.Build.0 = Debug|Any CPU
		{35D0F700-CA0F-48EF-81F7-D85D556E6E1C}.Release|Any CPU.ActiveCfg = Release|Any CPU
		{35D0F700-CA0F-48EF-81F7-D85D556E6E1C}.Release|Any CPU.Build.0 = Release|Any CPU
	EndGlobalSection
	GlobalSection(NestedProjects) = preSolution
		{96F70D93-AC7C-43B4-AA24-CE74A445E081} = {AAF06791-63CC-47C0-82D4-151E6B652339}
		{4F8FA7ED-F053-49A8-AE42-972EC0FC5A0E} = {AAF06791-63CC-47C0-82D4-151E6B652339}
		{9CFD7999-59B0-4C59-82A8-A7D71E874606} = {AAF06791-63CC-47C0-82D4-151E6B652339}
		{4C1BD12C-BB73-434F-BEF5-E102BAEF6076} = {AAF06791-63CC-47C0-82D4-151E6B652339}
		{C3BCBA62-B955-4023-A228-A8219B98DB7C} = {AAF06791-63CC-47C0-82D4-151E6B652339}
		{13694B6C-DA90-48B5-A65C-E3FC7B785A2C} = {AAF06791-63CC-47C0-82D4-151E6B652339}
		{A90DB23B-0433-4423-86DC-959CBEC616BC} = {AAF06791-63CC-47C0-82D4-151E6B652339}
		{C3887CCE-FB4E-432A-9EB0-37955D17FDB6} = {AAF06791-63CC-47C0-82D4-151E6B652339}
		{EF3154CD-CD60-43E3-B776-56B0955A9E84} = {AAF06791-63CC-47C0-82D4-151E6B652339}
		{35D0F700-CA0F-48EF-81F7-D85D556E6E1C} = {EF3154CD-CD60-43E3-B776-56B0955A9E84}
	EndGlobalSection
EndGlobal
